
Microsoft Visual Studio Solution File, Format Version 12.00
Project("{FAE04EC0-301F-11D3-BF4B-00C04F79EFBC}") = "Modul1", "Modul1\Modul1.csproj", "{5AE68E6E-227E-41DF-8480-C7E44EB94F98}"
EndProject
Project("{FAE04EC0-301F-11D3-BF4B-00C04F79EFBC}") = "Modul2", "Modul2\Modul2.csproj", "{5AF017A4-BB15-459A-B2F0-884791EF3A8F}"
EndProject
Project("{FAE04EC0-301F-11D3-BF4B-00C04F79EFBC}") = "Modul3", "Modul3\Modul3.csproj", "{67394EB4-E4F1-43A7-B5B3-208B5A69E442}"
EndProject
Project("{FAE04EC0-301F-11D3-BF4B-00C04F79EFBC}") = "Modul4", "Modul4\Modul4.csproj", "{3A13CF2A-01B1-4154-8358-822D0D2FE354}"
EndProject
Project("{FAE04EC0-301F-11D3-BF4B-00C04F79EFBC}") = "Modul5", "Modul5\Modul5.csproj", "{4A920046-032E-4CD4-8CB6-FA4FFAE73302}"
EndProject
Project("{FAE04EC0-301F-11D3-BF4B-00C04F79EFBC}") = "Modul6", "Modul6\Modul6.csproj", "{C9E7E8BF-6785-451E-8E04-67F2431F384C}"
EndProject
Global
	GlobalSection(SolutionConfigurationPlatforms) = preSolution
		Debug|Any CPU = Debug|Any CPU
		Release|Any CPU = Release|Any CPU
	EndGlobalSection
	GlobalSection(ProjectConfigurationPlatforms) = postSolution
		{5AE68E6E-227E-41DF-8480-C7E44EB94F98}.Debug|Any CPU.ActiveCfg = Debug|Any CPU
		{5AE68E6E-227E-41DF-8480-C7E44EB94F98}.Debug|Any CPU.Build.0 = Debug|Any CPU
		{5AE68E6E-227E-41DF-8480-C7E44EB94F98}.Release|Any CPU.ActiveCfg = Release|Any CPU
		{5AE68E6E-227E-41DF-8480-C7E44EB94F98}.Release|Any CPU.Build.0 = Release|Any CPU
		{5AF017A4-BB15-459A-B2F0-884791EF3A8F}.Debug|Any CPU.ActiveCfg = Debug|Any CPU
		{5AF017A4-BB15-459A-B2F0-884791EF3A8F}.Debug|Any CPU.Build.0 = Debug|Any CPU
		{5AF017A4-BB15-459A-B2F0-884791EF3A8F}.Release|Any CPU.ActiveCfg = Release|Any CPU
		{5AF017A4-BB15-459A-B2F0-884791EF3A8F}.Release|Any CPU.Build.0 = Release|Any CPU
		{67394EB4-E4F1-43A7-B5B3-208B5A69E442}.Debug|Any CPU.ActiveCfg = Debug|Any CPU
		{67394EB4-E4F1-43A7-B5B3-208B5A69E442}.Debug|Any CPU.Build.0 = Debug|Any CPU
		{67394EB4-E4F1-43A7-B5B3-208B5A69E442}.Release|Any CPU.ActiveCfg = Release|Any CPU
		{67394EB4-E4F1-43A7-B5B3-208B5A69E442}.Release|Any CPU.Build.0 = Release|Any CPU
		{3A13CF2A-01B1-4154-8358-822D0D2FE354}.Debug|Any CPU.ActiveCfg = Debug|Any CPU
		{3A13CF2A-01B1-4154-8358-822D0D2FE354}.Debug|Any CPU.Build.0 = Debug|Any CPU
		{3A13CF2A-01B1-4154-8358-822D0D2FE354}.Release|Any CPU.ActiveCfg = Release|Any CPU
		{3A13CF2A-01B1-4154-8358-822D0D2FE354}.Release|Any CPU.Build.0 = Release|Any CPU
		{4A920046-032E-4CD4-8CB6-FA4FFAE73302}.Debug|Any CPU.ActiveCfg = Debug|Any CPU
		{4A920046-032E-4CD4-8CB6-FA4FFAE73302}.Debug|Any CPU.Build.0 = Debug|Any CPU
		{4A920046-032E-4CD4-8CB6-FA4FFAE73302}.Release|Any CPU.ActiveCfg = Release|Any CPU
		{4A920046-032E-4CD4-8CB6-FA4FFAE73302}.Release|Any CPU.Build.0 = Release|Any CPU
		{C9E7E8BF-6785-451E-8E04-67F2431F384C}.Debug|Any CPU.ActiveCfg = Debug|Any CPU
		{C9E7E8BF-6785-451E-8E04-67F2431F384C}.Debug|Any CPU.Build.0 = Debug|Any CPU
		{C9E7E8BF-6785-451E-8E04-67F2431F384C}.Release|Any CPU.ActiveCfg = Release|Any CPU
		{C9E7E8BF-6785-451E-8E04-67F2431F384C}.Release|Any CPU.Build.0 = Release|Any CPU
	EndGlobalSection
EndGlobal
